<?xml version="1.0" encoding="utf-8"?>
<Project ToolsVersion="4.0" xmlns="http://schemas.microsoft.com/developer/msbuild/2003">
  <ItemGroup>
    <Filter Include="Header Files">
      <UniqueIdentifier>{93995380-89BD-4b04-88EB-625FBE52EBFB}</UniqueIdentifier>
      <Extensions>h;hpp;hxx;hm;inl;inc;xsd</Extensions>
    </Filter>
    <Filter Include="Resource Files">
      <UniqueIdentifier>{67DA6AB6-F800-4c08-8B7A-83BB121AAD01}</UniqueIdentifier>
      <Extensions>rc;ico;cur;bmp;dlg;rc2;rct;bin;rgs;gif;jpg;jpeg;jpe;resx</Extensions>
    </Filter>
    <Filter Include="Source Files">
      <UniqueIdentifier>{4FC737F1-C7A5-4376-A066-2A32D752A2FF}</UniqueIdentifier>
      <Extensions>cpp;c;cc;cxx;def;odl;idl;hpj;bat;asm;asmx</Extensions>
    </Filter>
    <Filter Include="Source Files\asm">
      <UniqueIdentifier>{b23f5c08-409b-48cd-bf7a-10aea7f67c10}</UniqueIdentifier>
    </Filter>
  </ItemGroup>
  <ItemGroup>
    <ClInclude Include="burn\8255ppi.h">
      <Filter>Header Files</Filter>
    </ClInclude>
    <ClInclude Include="vc\include\afxres.h">
      <Filter>Header Files</Filter>
    </ClInclude>
    <ClInclude Include="cpu\arm7\arm7_intf.h">
      <Filter>Header Files</Filter>
    </ClInclude>
    <ClInclude Include="cpu\arm7\arm7core.h">
      <Filter>Header Files</Filter>
    </ClInclude>
    <ClInclude Include="burn\ay8910.h">
      <Filter>Header Files</Filter>
    </ClInclude>
    <ClInclude Include="burn\bitswap.h">
      <Filter>Header Files</Filter>
    </ClInclude>
    <ClInclude Include="burn\burn.h">
      <Filter>Header Files</Filter>
    </ClInclude>
    <ClInclude Include="burn\burn_gun.h">
      <Filter>Header Files</Filter>
    </ClInclude>
    <ClInclude Include="burn\burn_sound.h">
      <Filter>Header Files</Filter>
    </ClInclude>
    <ClInclude Include="burn\burn_ym2151.h">
      <Filter>Header Files</Filter>
    </ClInclude>
    <ClInclude Include="burn\burn_ym2203.h">
      <Filter>Header Files</Filter>
    </ClInclude>
    <ClInclude Include="burn\burn_ym2413.h">
      <Filter>Header Files</Filter>
    </ClInclude>
    <ClInclude Include="burn\burn_ym2608.h">
      <Filter>Header Files</Filter>
    </ClInclude>
    <ClInclude Include="burn\burn_ym2610.h">
      <Filter>Header Files</Filter>
    </ClInclude>
    <ClInclude Include="burn\burn_ym2612.h">
      <Filter>Header Files</Filter>
    </ClInclude>
    <ClInclude Include="burn\burn_ym3526.h">
      <Filter>Header Files</Filter>
    </ClInclude>
    <ClInclude Include="burn\burn_ym3812.h">
      <Filter>Header Files</Filter>
    </ClInclude>
    <ClInclude Include="burn\burn_ymf278b.h">
      <Filter>Header Files</Filter>
    </ClInclude>
    <ClInclude Include="burner\burner.h">
      <Filter>Header Files</Filter>
    </ClInclude>
    <ClInclude Include="burner\win32\burner_win32.h">
      <Filter>Header Files</Filter>
    </ClInclude>
    <ClInclude Include="burn\burnint.h">
      <Filter>Header Files</Filter>
    </ClInclude>
    <ClInclude Include="burn\cave\cave.h">
      <Filter>Header Files</Filter>
    </ClInclude>
    <ClInclude Include="burn\cave\cave_sprite_render.h">
      <Filter>Header Files</Filter>
    </ClInclude>
    <ClInclude Include="burn\cave\cave_sprite_render_zoom.h">
      <Filter>Header Files</Filter>
    </ClInclude>
    <ClInclude Include="burn\cave\cave_tile_render.h">
      <Filter>Header Files</Filter>
    </ClInclude>
    <ClInclude Include="burn\cheat.h">
      <Filter>Header Files</Filter>
    </ClInclude>
    <ClInclude Include="cpu\m6502\codes.h">
      <Filter>Header Files</Filter>
    </ClInclude>
    <ClInclude Include="utils\ConvertUTF.h">
      <Filter>Header Files</Filter>
    </ClInclude>
    <ClInclude Include="burn\capcom\cps.h">
      <Filter>Header Files</Filter>
    </ClInclude>
    <ClInclude Include="burn\cps3\cps3.h">
      <Filter>Header Files</Filter>
    </ClInclude>
    <ClInclude Include="libs\zlib\crc32.h">
      <Filter>Header Files</Filter>
    </ClInclude>
    <ClInclude Include="burn\capcom\ctv_do.h">
      <Filter>Header Files</Filter>
    </ClInclude>
    <ClInclude Include="burn\dac.h">
      <Filter>Header Files</Filter>
    </ClInclude>
    <ClInclude Include="burn\misc\dec0\dec0.h">
      <Filter>Header Files</Filter>
    </ClInclude>
    <ClInclude Include="libs\zlib\deflate.h">
      <Filter>Header Files</Filter>
    </ClInclude>
    <ClInclude Include="burn\driver.h">
      <Filter>Header Files</Filter>
    </ClInclude>
    <ClInclude Include="burner\win32\dynhuff.h">
      <Filter>Header Files</Filter>
    </ClInclude>
    <ClInclude Include="burn\eeprom.h">
      <Filter>Header Files</Filter>
    </ClInclude>
    <ClInclude Include="burn\sega\fd1094.h">
      <Filter>Header Files</Filter>
    </ClInclude>
    <ClInclude Include="burn\fm.h">
      <Filter>Header Files</Filter>
    </ClInclude>
    <ClInclude Include="burn\fmopl.h">
      <Filter>Header Files</Filter>
    </ClInclude>
    <ClInclude Include="burn\galaxian\gal.h">
      <Filter>Header Files</Filter>
    </ClInclude>
    <ClInclude Include="burn\sega\genesis_vid.h">
      <Filter>Header Files</Filter>
    </ClInclude>
    <ClInclude Include="cpu\hd6309\hd6309.h">
      <Filter>Header Files</Filter>
    </ClInclude>
    <ClInclude Include="burn\hd6309_intf.h">
      <Filter>Header Files</Filter>
    </ClInclude>
    <ClInclude Include="burn\hiscore.h">
      <Filter>Header Files</Filter>
    </ClInclude>
    <ClInclude Include="cpu\i8039\i8039.h">
      <Filter>Header Files</Filter>
    </ClInclude>
    <ClInclude Include="burn\ics2115.h">
      <Filter>Header Files</Filter>
    </ClInclude>
    <ClInclude Include="burner\win32\imagebutton.h">
      <Filter>Header Files</Filter>
    </ClInclude>
    <ClInclude Include="burner\win32\imagebuttoncode.h">
      <Filter>Header Files</Filter>
    </ClInclude>
    <ClInclude Include="libs\zlib\inffast.h">
      <Filter>Header Files</Filter>
    </ClInclude>
    <ClInclude Include="libs\zlib\inffixed.h">
      <Filter>Header Files</Filter>
    </ClInclude>
    <ClInclude Include="libs\zlib\inflate.h">
      <Filter>Header Files</Filter>
    </ClInclude>
    <ClInclude Include="libs\zlib\inftrees.h">
      <Filter>Header Files</Filter>
    </ClInclude>
    <ClInclude Include="interface\interface.h">
      <Filter>Header Files</Filter>
    </ClInclude>
    <ClInclude Include="burn\misc\post90s\irem_cpu.h">
      <Filter>Header Files</Filter>
    </ClInclude>
    <ClInclude Include="burn\k007232.h">
      <Filter>Header Files</Filter>
    </ClInclude>
    <ClInclude Include="burn\k051649.h">
      <Filter>Header Files</Filter>
    </ClInclude>
    <ClInclude Include="burn\k053260.h">
      <Filter>Header Files</Filter>
    </ClInclude>
    <ClInclude Include="burn\k054539.h">
      <Filter>Header Files</Filter>
    </ClInclude>
    <ClInclude Include="kaillera\client\kailleraclient.h">
      <Filter>Header Files</Filter>
    </ClInclude>
    <ClInclude Include="burn\misc\post90s\kanekotb.h">
      <Filter>Header Files</Filter>
    </ClInclude>
    <ClInclude Include="cpu\konami\konami.h">
      <Filter>Header Files</Filter>
    </ClInclude>
    <ClInclude Include="cpu\konami\konami_intf.h">
      <Filter>Header Files</Filter>
    </ClInclude>
    <ClInclude Include="burn\konami\konamiic.h">
      <Filter>Header Files</Filter>
    </ClInclude>
    <ClInclude Include="burner\luasav.h">
      <Filter>Header Files</Filter>
    </ClInclude>
    <ClInclude Include="cpu\m6502\m6502.h">
      <Filter>Header Files</Filter>
    </ClInclude>
    <ClInclude Include="burn\m6502_intf.h">
      <Filter>Header Files</Filter>
    </ClInclude>
    <ClInclude Include="cpu\m6800\m6800.h">
      <Filter>Header Files</Filter>
    </ClInclude>
    <ClInclude Include="burn\m6800_intf.h">
      <Filter>Header Files</Filter>
    </ClInclude>
    <ClInclude Include="cpu\m6809\m6809.h">
      <Filter>Header Files</Filter>
    </ClInclude>
    <ClInclude Include="burn\m6809_intf.h">
      <Filter>Header Files</Filter>
    </ClInclude>
    <ClInclude Include="cpu\m68k\m68k.h">
      <Filter>Header Files</Filter>
    </ClInclude>
    <ClInclude Include="cpu\m68k\m68kconf.h">
      <Filter>Header Files</Filter>
    </ClInclude>
    <ClInclude Include="cpu\m68k\m68kcpu.h">
      <Filter>Header Files</Filter>
    </ClInclude>
    <ClInclude Include="cpu\m68k\m68kops.h">
      <Filter>Header Files</Filter>
    </ClInclude>
    <ClInclude Include="burner\win32\maphkeys.h">
      <Filter>Header Files</Filter>
    </ClInclude>
    <ClInclude Include="burn\sega\mc8123.h">
      <Filter>Header Files</Filter>
    </ClInclude>
    <ClInclude Include="burn\megadrive\megadrive.h">
      <Filter>Header Files</Filter>
    </ClInclude>
    <ClInclude Include="burner\win32\menugui.h">
      <Filter>Header Files</Filter>
    </ClInclude>
    <ClInclude Include="burner\win32\menuguicode.h">
      <Filter>Header Files</Filter>
    </ClInclude>
    <ClInclude Include="mingw\include\mingw_win32.h">
      <Filter>Header Files</Filter>
    </ClInclude>
    <ClInclude Include="burn\msm5205.h">
      <Filter>Header Files</Filter>
    </ClInclude>
    <ClInclude Include="burn\msm6295.h">
      <Filter>Header Files</Filter>
    </ClInclude>
    <ClInclude Include="burn\namco_snd.h">
      <Filter>Header Files</Filter>
    </ClInclude>
    <ClInclude Include="cpu\nec\nec.h">
      <Filter>Header Files</Filter>
    </ClInclude>
    <ClInclude Include="cpu\nec\necea.h">
      <Filter>Header Files</Filter>
    </ClInclude>
    <ClInclude Include="cpu\nec\necinstr.h">
      <Filter>Header Files</Filter>
    </ClInclude>
    <ClInclude Include="cpu\nec\necintrf.h">
      <Filter>Header Files</Filter>
    </ClInclude>
    <ClInclude Include="cpu\nec\necmodrm.h">
      <Filter>Header Files</Filter>
    </ClInclude>
    <ClInclude Include="burn\neogeo\neo_sprite_render.h">
      <Filter>Header Files</Filter>
    </ClInclude>
    <ClInclude Include="burn\neogeo\neo_text_render.h">
      <Filter>Header Files</Filter>
    </ClInclude>
    <ClInclude Include="burn\neogeo\neogeo.h">
      <Filter>Header Files</Filter>
    </ClInclude>
    <ClInclude Include="kaillera\client\net.h">
      <Filter>Header Files</Filter>
    </ClInclude>
    <ClInclude Include="burn\misc\post90s\nmk004.h">
      <Filter>Header Files</Filter>
    </ClInclude>
    <ClInclude Include="burn\pgm\pgm.h">
      <Filter>Header Files</Filter>
    </ClInclude>
    <ClInclude Include="libs\libpng\png.h">
      <Filter>Header Files</Filter>
    </ClInclude>
    <ClInclude Include="libs\libpng\pngconf.h">
      <Filter>Header Files</Filter>
    </ClInclude>
    <ClInclude Include="libs\pnglib\PNGlib.h">
      <Filter>Header Files</Filter>
    </ClInclude>
    <ClInclude Include="burn\psikyo\psikyo.h">
      <Filter>Header Files</Filter>
    </ClInclude>
    <ClInclude Include="burn\psikyo\psikyo_render.h">
      <Filter>Header Files</Filter>
    </ClInclude>
    <ClInclude Include="burn\psikyo\psikyo_sprite_func.h">
      <Filter>Header Files</Filter>
    </ClInclude>
    <ClInclude Include="burn\psikyo\psikyosh_render.h">
      <Filter>Header Files</Filter>
    </ClInclude>
    <ClInclude Include="burner\win32\ram_search.h">
      <Filter>Header Files</Filter>
    </ClInclude>
    <ClInclude Include="burner\win32\ramwatch.h">
      <Filter>Header Files</Filter>
    </ClInclude>
    <ClInclude Include="burner\win32\resource.h">
      <Filter>Header Files</Filter>
    </ClInclude>
    <ClInclude Include="burner\win32\resource_string.h">
      <Filter>Header Files</Filter>
    </ClInclude>
    <ClInclude Include="burn\rf5c68.h">
      <Filter>Header Files</Filter>
    </ClInclude>
    <ClInclude Include="interface\win32\rgb_pattern.h">
      <Filter>Header Files</Filter>
    </ClInclude>
    <ClInclude Include="cpu\s2650\s2650.h">
      <Filter>Header Files</Filter>
    </ClInclude>
    <ClInclude Include="cpu\s2650\s2650_intf.h">
      <Filter>Header Files</Filter>
    </ClInclude>
    <ClInclude Include="burn\segapcm.h">
      <Filter>Header Files</Filter>
    </ClInclude>
    <ClInclude Include="burn\seibusnd.h">
      <Filter>Header Files</Filter>
    </ClInclude>
    <ClInclude Include="burn\sek.h">
      <Filter>Header Files</Filter>
    </ClInclude>
    <ClInclude Include="burn\sekdebug.h">
      <Filter>Header Files</Filter>
    </ClInclude>
    <ClInclude Include="cpu\sh2\sh2.h">
      <Filter>Header Files</Filter>
    </ClInclude>
    <ClInclude Include="burn\sn76496.h">
      <Filter>Header Files</Filter>
    </ClInclude>
    <ClInclude Include="burn\state.h">
      <Filter>Header Files</Filter>
    </ClInclude>
    <ClInclude Include="burn\stdfunc.h">
      <Filter>Header Files</Filter>
    </ClInclude>
    <ClInclude Include="burn\sega\sys16.h">
      <Filter>Header Files</Filter>
    </ClInclude>
    <ClInclude Include="cpu\m6502\tables.h">
      <Filter>Header Files</Filter>
    </ClInclude>
    <ClInclude Include="burn\taito\taito.h">
      <Filter>Header Files</Filter>
    </ClInclude>
    <ClInclude Include="burn\taito\taito_ic.h">
      <Filter>Header Files</Filter>
    </ClInclude>
    <ClInclude Include="burn\misc\tiles_generic.h">
      <Filter>Header Files</Filter>
    </ClInclude>
    <ClInclude Include="burn\timer.h">
      <Filter>Header Files</Filter>
    </ClInclude>
    <ClInclude Include="burn\misc\pre90s\tnzs_prot.h">
      <Filter>Header Files</Filter>
    </ClInclude>
    <ClInclude Include="burn\toaplan\toa_extratext.h">
      <Filter>Header Files</Filter>
    </ClInclude>
    <ClInclude Include="burn\toaplan\toa_gp9001_render.h">
      <Filter>Header Files</Filter>
    </ClInclude>
    <ClInclude Include="burn\toaplan\toaplan.h">
      <Filter>Header Files</Filter>
    </ClInclude>
    <ClInclude Include="burner\win32\tracklst.h">
      <Filter>Header Files</Filter>
    </ClInclude>
    <ClInclude Include="libs\zlib\trees.h">
      <Filter>Header Files</Filter>
    </ClInclude>
    <ClInclude Include="burn\upd7759.h">
      <Filter>Header Files</Filter>
    </ClInclude>
    <ClInclude Include="burn\version.h">
      <Filter>Header Files</Filter>
    </ClInclude>
    <ClInclude Include="burn\vez.h">
      <Filter>Header Files</Filter>
    </ClInclude>
    <ClInclude Include="interface\win32\vid_directx_support.h">
      <Filter>Header Files</Filter>
    </ClInclude>
    <ClInclude Include="burn\x1010.h">
      <Filter>Header Files</Filter>
    </ClInclude>
    <ClInclude Include="utils\xstring.h">
      <Filter>Header Files</Filter>
    </ClInclude>
    <ClInclude Include="burn\ym2151.h">
      <Filter>Header Files</Filter>
    </ClInclude>
    <ClInclude Include="burn\ym2413.h">
      <Filter>Header Files</Filter>
    </ClInclude>
    <ClInclude Include="burn\ymdeltat.h">
      <Filter>Header Files</Filter>
    </ClInclude>
    <ClInclude Include="burn\ymf278b.h">
      <Filter>Header Files</Filter>
    </ClInclude>
    <ClInclude Include="burn\ymz280b.h">
      <Filter>Header Files</Filter>
    </ClInclude>
    <ClInclude Include="cpu\z80\z80.h">
      <Filter>Header Files</Filter>
    </ClInclude>
    <ClInclude Include="cpu\z80\z80daisy.h">
      <Filter>Header Files</Filter>
    </ClInclude>
    <ClInclude Include="libs\zlib\zconf.h">
      <Filter>Header Files</Filter>
    </ClInclude>
    <ClInclude Include="libs\zlib\zconf.in.h">
      <Filter>Header Files</Filter>
    </ClInclude>
    <ClInclude Include="burn\zet.h">
      <Filter>Header Files</Filter>
    </ClInclude>
    <ClInclude Include="libs\zlib\zlib.h">
      <Filter>Header Files</Filter>
    </ClInclude>
    <ClInclude Include="libs\zlib\zutil.h">
      <Filter>Header Files</Filter>
    </ClInclude>
    <ClInclude Include="interface\aud_dsp.h">
      <Filter>Source Files</Filter>
    </ClInclude>
    <ClInclude Include="interface\hq2xs.h">
      <Filter>Source Files</Filter>
    </ClInclude>
    <ClInclude Include="interface\hq3xs.h">
      <Filter>Source Files</Filter>
    </ClInclude>
    <ClInclude Include="interface\hq_shared32.h">
      <Filter>Source Files</Filter>
    </ClInclude>
    <ClInclude Include="interface\inp_keys.h">
      <Filter>Source Files</Filter>
    </ClInclude>
    <ClInclude Include="interface\interp.h">
      <Filter>Source Files</Filter>
    </ClInclude>
    <ClInclude Include="interface\lowpass2.h">
      <Filter>Source Files</Filter>
    </ClInclude>
    <ClInclude Include="generated\m68kops.h">
      <Filter>Source Files</Filter>
    </ClInclude>
    <ClInclude Include="interface\scale2x.h">
      <Filter>Source Files</Filter>
    </ClInclude>
    <ClInclude Include="interface\scale2x_vc.h">
      <Filter>Source Files</Filter>
    </ClInclude>
    <ClInclude Include="interface\scale3x.h">
      <Filter>Source Files</Filter>
    </ClInclude>
    <ClInclude Include="libs\zlib\unzip.h">
      <Filter>Source Files</Filter>
    </ClInclude>
    <ClInclude Include="interface\vid_softfx.h">
      <Filter>Source Files</Filter>
    </ClInclude>
    <ClInclude Include="interface\vid_support.h">
      <Filter>Source Files</Filter>
    </ClInclude>
  </ItemGroup>
  <ItemGroup>
    <None Include="libs\pnglib\pnglib.inc">
      <Filter>Header Files</Filter>
    </None>
    <None Include="burner\win32\resource\about.bmp">
      <Filter>Resource Files</Filter>
    </None>
    <None Include="burner\win32\resource\menu\about.ico">
      <Filter>Resource Files</Filter>
    </None>
    <None Include="burner\win32\resource\jukebox\add.ico">
      <Filter>Resource Files</Filter>
    </None>
    <None Include="burner\win32\resource\jukebox\add_h.ico">
      <Filter>Resource Files</Filter>
    </None>
    <None Include="burner\win32\resource\menu\alwayskey.ico">
      <Filter>Resource Files</Filter>
    </None>
    <None Include="burner\win32\resource\jukebox\arrow_left.ico">
      <Filter>Resource Files</Filter>
    </None>
    <None Include="burner\win32\resource\jukebox\arrow_left_h.ico">
      <Filter>Resource Files</Filter>
    </None>
    <None Include="burner\win32\resource\jukebox\arrow_right.ico">
      <Filter>Resource Files</Filter>
    </None>
    <None Include="burner\win32\resource\jukebox\arrow_right_h.ico">
      <Filter>Resource Files</Filter>
    </None>
    <None Include="burner\win32\resource\menu\autofs.ico">
      <Filter>Resource Files</Filter>
    </None>
    <None Include="burner\win32\resource\jukebox\backward_01.ico">
      <Filter>Resource Files</Filter>
    </None>
    <None Include="burner\win32\resource\jukebox\Backward_01_h.ico">
      <Filter>Resource Files</Filter>
    </None>
    <None Include="burner\win32\resource\caesar.ico">
      <Filter>Resource Files</Filter>
    </None>
    <None Include="burner\win32\resource\caesar_grayed.ico">
      <Filter>Resource Files</Filter>
    </None>
    <None Include="burner\win32\resource\cancel.ico">
      <Filter>Resource Files</Filter>
    </None>
    <None Include="burner\win32\resource\cog.ico">
      <Filter>Resource Files</Filter>
    </None>
    <None Include="burner\win32\resource\jukebox\del.ico">
      <Filter>Resource Files</Filter>
    </None>
    <None Include="burner\win32\resource\jukebox\del_h.ico">
      <Filter>Resource Files</Filter>
    </None>
    <None Include="burner\win32\resource\downarrow.bmp">
      <Filter>Resource Files</Filter>
    </None>
    <None Include="burner\win32\resource\menu\exitemu.ico">
      <Filter>Resource Files</Filter>
    </None>
    <None Include="burner\win32\resource\menu\exitgame.ico">
      <Filter>Resource Files</Filter>
    </None>
    <None Include="burner\win32\resource\favorite_add.ico">
      <Filter>Resource Files</Filter>
    </None>
    <None Include="burner\win32\resource\favorite_add_grayed.ico">
      <Filter>Resource Files</Filter>
    </None>
    <None Include="burner\win32\resource\favorite_remove.ico">
      <Filter>Resource Files</Filter>
    </None>
    <None Include="burner\win32\resource\favorite_remove_grayed.ico">
      <Filter>Resource Files</Filter>
    </None>
    <None Include="burner\win32\resource\fba.ico">
      <Filter>Resource Files</Filter>
    </None>
    <None Include="burner\win32\resource\filedl.bmp">
      <Filter>Resource Files</Filter>
    </None>
    <None Include="burner\win32\resource\filedl_small.bmp">
      <Filter>Resource Files</Filter>
    </None>
    <None Include="burner\win32\resource\menu\forums.ico">
      <Filter>Resource Files</Filter>
    </None>
    <None Include="burner\win32\resource\jukebox\forward.ico">
      <Filter>Resource Files</Filter>
    </None>
    <None Include="burner\win32\resource\jukebox\forward_01.ico">
      <Filter>Resource Files</Filter>
    </None>
    <None Include="burner\win32\resource\jukebox\forward_01_h.ico">
      <Filter>Resource Files</Filter>
    </None>
    <None Include="burner\win32\resource\jukebox\forward_h.ico">
      <Filter>Resource Files</Filter>
    </None>
    <None Include="burner\win32\resource\menu\fullscreen.ico">
      <Filter>Resource Files</Filter>
    </None>
    <None Include="burner\win32\resource\menu\gamma.ico">
      <Filter>Resource Files</Filter>
    </None>
    <None Include="burner\win32\resource\menu\homepage.ico">
      <Filter>Resource Files</Filter>
    </None>
    <None Include="burner\win32\resource\jb_next.ico">
      <Filter>Resource Files</Filter>
    </None>
    <None Include="burner\win32\resource\jb_pause.ico">
      <Filter>Resource Files</Filter>
    </None>
    <None Include="burner\win32\resource\jb_play.ico">
      <Filter>Resource Files</Filter>
    </None>
    <None Include="burner\win32\resource\jb_previous.ico">
      <Filter>Resource Files</Filter>
    </None>
    <None Include="burner\win32\resource\jb_stop.ico">
      <Filter>Resource Files</Filter>
    </None>
    <None Include="burner\win32\resource\jukebox.ico">
      <Filter>Resource Files</Filter>
    </None>
    <None Include="burner\win32\resource\jukebox_grayed.ico">
      <Filter>Resource Files</Filter>
    </None>
    <None Include="burner\win32\resource\menu\loadgame.ico">
      <Filter>Resource Files</Filter>
    </None>
    <None Include="burner\win32\resource\maws.ico">
      <Filter>Resource Files</Filter>
    </None>
    <None Include="burner\win32\resource\maws_grayed.ico">
      <Filter>Resource Files</Filter>
    </None>
    <None Include="burner\win32\resource\menu\mginputs.ico">
      <Filter>Resource Files</Filter>
    </None>
    <None Include="burner\win32\resource\misc.bmp">
      <Filter>Resource Files</Filter>
    </None>
    <None Include="burner\win32\resource\mplayer.ico">
      <Filter>Resource Files</Filter>
    </None>
    <None Include="burner\win32\resource\ngslotselect.ico">
      <Filter>Resource Files</Filter>
    </None>
    <None Include="burner\win32\resource\menu\nosound.ico">
      <Filter>Resource Files</Filter>
    </None>
    <None Include="burner\win32\resource\jukebox\ok.ico">
      <Filter>Resource Files</Filter>
    </None>
    <None Include="burner\win32\resource\jukebox\ok_h.ico">
      <Filter>Resource Files</Filter>
    </None>
    <None Include="burner\win32\resource\jukebox\pause.ico">
      <Filter>Resource Files</Filter>
    </None>
    <None Include="burner\win32\resource\jukebox\pause_h.ico">
      <Filter>Resource Files</Filter>
    </None>
    <None Include="burner\win32\resource\menu\pausegame.ico">
      <Filter>Resource Files</Filter>
    </None>
    <None Include="burner\win32\resource\play.ico">
      <Filter>Resource Files</Filter>
    </None>
    <None Include="burner\win32\resource\menu\prevblitter.ico">
      <Filter>Resource Files</Filter>
    </None>
    <None Include="burner\win32\resource\preview.bmp">
      <Filter>Resource Files</Filter>
    </None>
    <None Include="burner\win32\resource\preview_medium.bmp">
      <Filter>Resource Files</Filter>
    </None>
    <None Include="burner\win32\resource\preview_small.bmp">
      <Filter>Resource Files</Filter>
    </None>
    <None Include="burner\win32\resource\progettoemma.ico">
      <Filter>Resource Files</Filter>
    </None>
    <None Include="burner\win32\resource\progettoemma_grayed.ico">
      <Filter>Resource Files</Filter>
    </None>
    <None Include="burner\win32\resource\menu\readme.ico">
      <Filter>Resource Files</Filter>
    </None>
    <None Include="burner\win32\resource\jukebox\recycle.ico">
      <Filter>Resource Files</Filter>
    </None>
    <None Include="burner\win32\resource\jukebox\recycle_h.ico">
      <Filter>Resource Files</Filter>
    </None>
    <None Include="burner\win32\resource\jukebox\refresh.ico">
      <Filter>Resource Files</Filter>
    </None>
    <None Include="burner\win32\resource\jukebox\refresh_h.ico">
      <Filter>Resource Files</Filter>
    </None>
    <None Include="burner\win32\resource\romdirs.ico">
      <Filter>Resource Files</Filter>
    </None>
    <None Include="burner\win32\resource\menu\rotatevertical.ico">
      <Filter>Resource Files</Filter>
    </None>
    <None Include="burner\win32\resource\scan.ico">
      <Filter>Resource Files</Filter>
    </None>
    <None Include="burner\win32\resource\splash.bmp">
      <Filter>Resource Files</Filter>
    </None>
    <None Include="burner\win32\resource\star.ico">
      <Filter>Resource Files</Filter>
    </None>
    <None Include="burner\win32\resource\jukebox\star.ico">
      <Filter>Resource Files</Filter>
    </None>
    <None Include="burner\win32\resource\jukebox\star_h.ico">
      <Filter>Resource Files</Filter>
    </None>
    <None Include="burner\win32\resource\jukebox\stop.ico">
      <Filter>Resource Files</Filter>
    </None>
    <None Include="burner\win32\resource\jukebox\stop_h.ico">
      <Filter>Resource Files</Filter>
    </None>
    <None Include="burner\win32\resource\menu\sysinfo.ico">
      <Filter>Resource Files</Filter>
    </None>
    <None Include="burner\win32\resource\menu\triplebuffer.ico">
      <Filter>Resource Files</Filter>
    </None>
    <None Include="burner\win32\resource\TV Minus.ico">
      <Filter>Resource Files</Filter>
    </None>
    <None Include="burner\win32\resource\TV Not Found Non Essential.ico">
      <Filter>Resource Files</Filter>
    </None>
    <None Include="burner\win32\resource\TV Not Found.ico">
      <Filter>Resource Files</Filter>
    </None>
    <None Include="burner\win32\resource\TV Not Working.ico">
      <Filter>Resource Files</Filter>
    </None>
    <None Include="burner\win32\resource\TV Plus.ico">
      <Filter>Resource Files</Filter>
    </None>
    <None Include="burner\win32\resource\uparrow.bmp">
      <Filter>Resource Files</Filter>
    </None>
    <None Include="burner\win32\resource\viewginfo.ico">
      <Filter>Resource Files</Filter>
    </None>
    <None Include="burner\win32\resource\viewginfo_grayed.ico">
      <Filter>Resource Files</Filter>
    </None>
    <None Include="burner\win32\resource\manifest.xml" />
  </ItemGroup>
  <ItemGroup>
    <ResourceCompile Include="burner\win32\resource.rc">
      <Filter>Resource Files</Filter>
    </ResourceCompile>
    <ResourceCompile Include="burner\win32\string.rc">
      <Filter>Resource Files</Filter>
    </ResourceCompile>
    <ResourceCompile Include="burner\win32\version.rc">
      <Filter>Resource Files</Filter>
    </ResourceCompile>
  </ItemGroup>
  <ItemGroup>
    <ClCompile Include="interface\2xpm.cpp">
      <Filter>Source Files</Filter>
    </ClCompile>
    <ClCompile Include="interface\2xsai.cpp">
      <Filter>Source Files</Filter>
    </ClCompile>
    <ClCompile Include="burn\8255ppi.cpp">
      <Filter>Source Files</Filter>
    </ClCompile>
    <ClCompile Include="burner\win32\about.cpp">
      <Filter>Source Files</Filter>
    </ClCompile>
    <ClCompile Include="libs\zlib\adler32.c">
      <Filter>Source Files</Filter>
    </ClCompile>
    <ClCompile Include="cpu\arm7\arm7.cpp">
      <Filter>Source Files</Filter>
    </ClCompile>
    <ClCompile Include="cpu\arm7\arm7_intf.cpp">
      <Filter>Source Files</Filter>
    </ClCompile>
    <ClCompile Include="interface\win32\aud_dsound3.cpp">
      <Filter>Source Files</Filter>
    </ClCompile>
    <ClCompile Include="interface\aud_dsp.cpp">
      <Filter>Source Files</Filter>
    </ClCompile>
    <ClCompile Include="interface\aud_interface.cpp">
      <Filter>Source Files</Filter>
    </ClCompile>
    <ClCompile Include="interface\win32\aud_xaudio2.cpp">
      <Filter>Source Files</Filter>
    </ClCompile>
    <ClCompile Include="burner\win32\aviout.cpp">
      <Filter>Source Files</Filter>
    </ClCompile>
    <ClCompile Include="burn\ay8910.c">
      <Filter>Source Files</Filter>
    </ClCompile>
    <ClCompile Include="burner\win32\bmp_resize.cpp">
      <Filter>Source Files</Filter>
    </ClCompile>
    <ClCompile Include="burn\burn.cpp">
      <Filter>Source Files</Filter>
    </ClCompile>
    <ClCompile Include="burn\burn_gun.cpp">
      <Filter>Source Files</Filter>
    </ClCompile>
    <ClCompile Include="burn\burn_sound.cpp">
      <Filter>Source Files</Filter>
    </ClCompile>
    <ClCompile Include="burn\burn_sound_c.cpp">
      <Filter>Source Files</Filter>
    </ClCompile>
    <ClCompile Include="burn\burn_ym2151.cpp">
      <Filter>Source Files</Filter>
    </ClCompile>
    <ClCompile Include="burn\burn_ym2203.cpp">
      <Filter>Source Files</Filter>
    </ClCompile>
    <ClCompile Include="burn\burn_ym2413.cpp">
      <Filter>Source Files</Filter>
    </ClCompile>
    <ClCompile Include="burn\burn_ym2608.cpp">
      <Filter>Source Files</Filter>
    </ClCompile>
    <ClCompile Include="burn\burn_ym2610.cpp">
      <Filter>Source Files</Filter>
    </ClCompile>
    <ClCompile Include="burn\burn_ym2612.cpp">
      <Filter>Source Files</Filter>
    </ClCompile>
    <ClCompile Include="burn\burn_ym3526.cpp">
      <Filter>Source Files</Filter>
    </ClCompile>
    <ClCompile Include="burn\burn_ym3812.cpp">
      <Filter>Source Files</Filter>
    </ClCompile>
    <ClCompile Include="burn\burn_ymf278b.cpp">
      <Filter>Source Files</Filter>
    </ClCompile>
    <ClCompile Include="burner\win32\bzip.cpp">
      <Filter>Source Files</Filter>
    </ClCompile>
    <ClCompile Include="burn\cave\cave.cpp">
      <Filter>Source Files</Filter>
    </ClCompile>
    <ClCompile Include="burn\cave\cave_palette.cpp">
      <Filter>Source Files</Filter>
    </ClCompile>
    <ClCompile Include="burn\cave\cave_sprite.cpp">
      <Filter>Source Files</Filter>
    </ClCompile>
    <ClCompile Include="burn\cave\cave_tile.cpp">
      <Filter>Source Files</Filter>
    </ClCompile>
    <ClCompile Include="burn\taito\cchip.cpp">
      <Filter>Source Files</Filter>
    </ClCompile>
    <ClCompile Include="burn\cheat.cpp">
      <Filter>Source Files</Filter>
    </ClCompile>
    <ClCompile Include="burner\win32\cheatsearch.cpp">
      <Filter>Source Files</Filter>
    </ClCompile>
    <ClCompile Include="libs\zlib\compress.c">
      <Filter>Source Files</Filter>
    </ClCompile>
    <ClCompile Include="burner\win32\cona.cpp">
      <Filter>Source Files</Filter>
    </ClCompile>
    <ClCompile Include="burner\conc.cpp">
      <Filter>Source Files</Filter>
    </ClCompile>
    <ClCompile Include="burner\cong.cpp">
      <Filter>Source Files</Filter>
    </ClCompile>
    <ClCompile Include="utils\ConvertUTF.c">
      <Filter>Source Files</Filter>
    </ClCompile>
    <ClCompile Include="burn\capcom\cps.cpp">
      <Filter>Source Files</Filter>
    </ClCompile>
    <ClCompile Include="burn\capcom\cps2_crpt.cpp">
      <Filter>Source Files</Filter>
    </ClCompile>
    <ClCompile Include="burn\cps3\cps3run.cpp">
      <Filter>Source Files</Filter>
    </ClCompile>
    <ClCompile Include="burn\cps3\cps3snd.cpp">
      <Filter>Source Files</Filter>
    </ClCompile>
    <ClCompile Include="burn\capcom\cps_config.cpp">
      <Filter>Source Files</Filter>
    </ClCompile>
    <ClCompile Include="burn\capcom\cps_draw.cpp">
      <Filter>Source Files</Filter>
    </ClCompile>
    <ClCompile Include="burn\capcom\cps_mem.cpp">
      <Filter>Source Files</Filter>
    </ClCompile>
    <ClCompile Include="burn\capcom\cps_obj.cpp">
      <Filter>Source Files</Filter>
    </ClCompile>
    <ClCompile Include="burn\capcom\cps_pal.cpp">
      <Filter>Source Files</Filter>
    </ClCompile>
    <ClCompile Include="burn\capcom\cps_run.cpp">
      <Filter>Source Files</Filter>
    </ClCompile>
    <ClCompile Include="burn\capcom\cps_rw.cpp">
      <Filter>Source Files</Filter>
    </ClCompile>
    <ClCompile Include="burn\capcom\cps_scr.cpp">
      <Filter>Source Files</Filter>
    </ClCompile>
    <ClCompile Include="burn\capcom\cpsr.cpp">
      <Filter>Source Files</Filter>
    </ClCompile>
    <ClCompile Include="burn\capcom\cpsrd.cpp">
      <Filter>Source Files</Filter>
    </ClCompile>
    <ClCompile Include="burn\capcom\cpst.cpp">
      <Filter>Source Files</Filter>
    </ClCompile>
    <ClCompile Include="libs\zlib\crc32.c">
      <Filter>Source Files</Filter>
    </ClCompile>
    <ClCompile Include="burn\capcom\ctv.cpp">
      <Filter>Source Files</Filter>
    </ClCompile>
    <ClCompile Include="burn\misc\pre90s\d_1942.cpp">
      <Filter>Source Files</Filter>
    </ClCompile>
    <ClCompile Include="burn\misc\pre90s\d_1943.cpp">
      <Filter>Source Files</Filter>
    </ClCompile>
    <ClCompile Include="burn\misc\post90s\d_1945kiii.cpp">
      <Filter>Source Files</Filter>
    </ClCompile>
    <ClCompile Include="burn\misc\pre90s\d_4enraya.cpp">
      <Filter>Source Files</Filter>
    </ClCompile>
    <ClCompile Include="burn\konami\d_88games.cpp">
      <Filter>Source Files</Filter>
    </ClCompile>
    <ClCompile Include="burn\misc\post90s\d_aerofgt.cpp">
      <Filter>Source Files</Filter>
    </ClCompile>
    <ClCompile Include="burn\konami\d_ajax.cpp">
      <Filter>Source Files</Filter>
    </ClCompile>
    <ClCompile Include="burn\konami\d_aliens.cpp">
      <Filter>Source Files</Filter>
    </ClCompile>
    <ClCompile Include="burn\misc\pre90s\d_ambush.cpp">
      <Filter>Source Files</Filter>
    </ClCompile>
    <ClCompile Include="burn\misc\post90s\d_aquarium.cpp">
      <Filter>Source Files</Filter>
    </ClCompile>
    <ClCompile Include="burn\misc\pre90s\d_arabian.cpp">
      <Filter>Source Files</Filter>
    </ClCompile>
    <ClCompile Include="burn\misc\pre90s\d_arkanoid.cpp">
      <Filter>Source Files</Filter>
    </ClCompile>
    <ClCompile Include="burn\misc\pre90s\d_armedf.cpp">
      <Filter>Source Files</Filter>
    </ClCompile>
    <ClCompile Include="burn\misc\dec0\d_baddudes.cpp">
      <Filter>Source Files</Filter>
    </ClCompile>
    <ClCompile Include="burn\misc\pre90s\d_bankp.cpp">
      <Filter>Source Files</Filter>
    </ClCompile>
    <ClCompile Include="burn\toaplan\d_batrider.cpp">
      <Filter>Source Files</Filter>
    </ClCompile>
    <ClCompile Include="burn\toaplan\d_batsugun.cpp">
      <Filter>Source Files</Filter>
    </ClCompile>
    <ClCompile Include="burn\toaplan\d_battleg.cpp">
      <Filter>Source Files</Filter>
    </ClCompile>
    <ClCompile Include="burn\toaplan\d_bbakraid.cpp">
      <Filter>Source Files</Filter>
    </ClCompile>
    <ClCompile Include="burn\misc\post90s\d_biomtoy.cpp">
      <Filter>Source Files</Filter>
    </ClCompile>
    <ClCompile Include="burn\misc\pre90s\d_bionicc.cpp">
      <Filter>Source Files</Filter>
    </ClCompile>
    <ClCompile Include="burn\misc\pre90s\d_blktiger.cpp">
      <Filter>Source Files</Filter>
    </ClCompile>
    <ClCompile Include="burn\konami\d_blockhl.cpp">
      <Filter>Source Files</Filter>
    </ClCompile>
    <ClCompile Include="burn\misc\pre90s\d_blockout.cpp">
      <Filter>Source Files</Filter>
    </ClCompile>
    <ClCompile Include="burn\misc\post90s\d_bloodbro.cpp">
      <Filter>Source Files</Filter>
    </ClCompile>
    <ClCompile Include="burn\misc\pre90s\d_blueprnt.cpp">
      <Filter>Source Files</Filter>
    </ClCompile>
    <ClCompile Include="burn\misc\pre90s\d_bombjack.cpp">
      <Filter>Source Files</Filter>
    </ClCompile>
    <ClCompile Include="burn\konami\d_bottom9.cpp">
      <Filter>Source Files</Filter>
    </ClCompile>
    <ClCompile Include="burn\taito\d_bublbobl.cpp">
      <Filter>Source Files</Filter>
    </ClCompile>
    <ClCompile Include="burn\misc\pre90s\d_commando.cpp">
      <Filter>Source Files</Filter>
    </ClCompile>
    <ClCompile Include="burn\konami\d_contra.cpp">
      <Filter>Source Files</Filter>
    </ClCompile>
    <ClCompile Include="burn\capcom\d_cps1.cpp">
      <Filter>Source Files</Filter>
    </ClCompile>
    <ClCompile Include="burn\capcom\d_cps2.cpp">
      <Filter>Source Files</Filter>
    </ClCompile>
    <ClCompile Include="burn\cps3\d_cps3.cpp">
      <Filter>Source Files</Filter>
    </ClCompile>
    <ClCompile Include="burn\konami\d_crimfght.cpp">
      <Filter>Source Files</Filter>
    </ClCompile>
    <ClCompile Include="burn\misc\post90s\d_crospang.cpp">
      <Filter>Source Files</Filter>
    </ClCompile>
    <ClCompile Include="burn\misc\post90s\d_crshrace.cpp">
      <Filter>Source Files</Filter>
    </ClCompile>
    <ClCompile Include="burn\taito\d_darius2.cpp">
      <Filter>Source Files</Filter>
    </ClCompile>
    <ClCompile Include="burn\misc\post90s\d_darkseal.cpp">
      <Filter>Source Files</Filter>
    </ClCompile>
    <ClCompile Include="burn\misc\post90s\d_dcon.cpp">
      <Filter>Source Files</Filter>
    </ClCompile>
    <ClCompile Include="burn\misc\pre90s\d_ddragon.cpp">
      <Filter>Source Files</Filter>
    </ClCompile>
    <ClCompile Include="burn\misc\post90s\d_ddragon3.cpp">
      <Filter>Source Files</Filter>
    </ClCompile>
    <ClCompile Include="burn\misc\pre90s\d_dec8.cpp">
      <Filter>Source Files</Filter>
    </ClCompile>
    <ClCompile Include="burn\misc\post90s\d_deniam.cpp">
      <Filter>Source Files</Filter>
    </ClCompile>
    <ClCompile Include="burn\misc\post90s\d_diverboy.cpp">
      <Filter>Source Files</Filter>
    </ClCompile>
    <ClCompile Include="burn\cave\d_dodonpachi.cpp">
      <Filter>Source Files</Filter>
    </ClCompile>
    <ClCompile Include="burn\toaplan\d_dogyuun.cpp">
      <Filter>Source Files</Filter>
    </ClCompile>
    <ClCompile Include="burn\cave\d_donpachi.cpp">
      <Filter>Source Files</Filter>
    </ClCompile>
    <ClCompile Include="burn\misc\pre90s\d_dotrikun.cpp">
      <Filter>Source Files</Filter>
    </ClCompile>
    <ClCompile Include="burn\misc\post90s\d_drtomy.cpp">
      <Filter>Source Files</Filter>
    </ClCompile>
    <ClCompile Include="burn\misc\pre90s\d_epos.cpp">
      <Filter>Source Files</Filter>
    </ClCompile>
    <ClCompile Include="burn\misc\post90s\d_esd16.cpp">
      <Filter>Source Files</Filter>
    </ClCompile>
    <ClCompile Include="burn\cave\d_esprade.cpp">
      <Filter>Source Files</Filter>
    </ClCompile>
    <ClCompile Include="burn\misc\pre90s\d_exedexes.cpp">
      <Filter>Source Files</Filter>
    </ClCompile>
    <ClCompile Include="burn\misc\post90s\d_f1gp.cpp">
      <Filter>Source Files</Filter>
    </ClCompile>
    <ClCompile Include="burn\cave\d_feversos.cpp">
      <Filter>Source Files</Filter>
    </ClCompile>
    <ClCompile Include="burn\misc\post90s\d_fstarfrc.cpp">
      <Filter>Source Files</Filter>
    </ClCompile>
    <ClCompile Include="burn\misc\pre90s\d_funkybee.cpp">
      <Filter>Source Files</Filter>
    </ClCompile>
    <ClCompile Include="burn\misc\post90s\d_funybubl.cpp">
      <Filter>Source Files</Filter>
    </ClCompile>
    <ClCompile Include="burn\misc\post90s\d_fuukifg3.cpp">
      <Filter>Source Files</Filter>
    </ClCompile>
    <ClCompile Include="burn\cave\d_gaia.cpp">
      <Filter>Source Files</Filter>
    </ClCompile>
    <ClCompile Include="burn\misc\post90s\d_gaiden.cpp">
      <Filter>Source Files</Filter>
    </ClCompile>
    <ClCompile Include="burn\misc\pre90s\d_galaga.cpp">
      <Filter>Source Files</Filter>
    </ClCompile>
    <ClCompile Include="burn\galaxian\d_galaxian.cpp">
      <Filter>Source Files</Filter>
    </ClCompile>
    <ClCompile Include="burn\misc\post90s\d_galpanic.cpp">
      <Filter>Source Files</Filter>
    </ClCompile>
    <ClCompile Include="burn\atari\d_gauntlet.cpp">
      <Filter>Source Files</Filter>
    </ClCompile>
    <ClCompile Include="burn\misc\pre90s\d_gberet.cpp">
      <Filter>Source Files</Filter>
    </ClCompile>
    <ClCompile Include="burn\konami\d_gbusters.cpp">
      <Filter>Source Files</Filter>
    </ClCompile>
    <ClCompile Include="burn\misc\pre90s\d_gng.cpp">
      <Filter>Source Files</Filter>
    </ClCompile>
    <ClCompile Include="burn\misc\post90s\d_gotcha.cpp">
      <Filter>Source Files</Filter>
    </ClCompile>
    <ClCompile Include="burn\konami\d_gradius3.cpp">
      <Filter>Source Files</Filter>
    </ClCompile>
    <ClCompile Include="burn\misc\post90s\d_gumbo.cpp">
      <Filter>Source Files</Filter>
    </ClCompile>
    <ClCompile Include="burn\misc\pre90s\d_gunsmoke.cpp">
      <Filter>Source Files</Filter>
    </ClCompile>
    <ClCompile Include="burn\cave\d_guwange.cpp">
      <Filter>Source Files</Filter>
    </ClCompile>
    <ClCompile Include="burn\misc\pre90s\d_gyruss.cpp">
      <Filter>Source Files</Filter>
    </ClCompile>
    <ClCompile Include="burn\sega\d_hangon.cpp">
      <Filter>Source Files</Filter>
    </ClCompile>
    <ClCompile Include="burn\konami\d_hcastle.cpp">
      <Filter>Source Files</Filter>
    </ClCompile>
    <ClCompile Include="burn\toaplan\d_hellfire.cpp">
      <Filter>Source Files</Filter>
    </ClCompile>
    <ClCompile Include="burn\konami\d_hexion.cpp">
      <Filter>Source Files</Filter>
    </ClCompile>
    <ClCompile Include="burn\misc\pre90s\d_higemaru.cpp">
      <Filter>Source Files</Filter>
    </ClCompile>
    <ClCompile Include="burn\cave\d_hotdogst.cpp">
      <Filter>Source Files</Filter>
    </ClCompile>
    <ClCompile Include="burn\misc\post90s\d_hyperpac.cpp">
      <Filter>Source Files</Filter>
    </ClCompile>
    <ClCompile Include="burn\misc\pre90s\d_ikki.cpp">
      <Filter>Source Files</Filter>
    </ClCompile>
    <ClCompile Include="burn\misc\pre90s\d_jack.cpp">
      <Filter>Source Files</Filter>
    </ClCompile>
    <ClCompile Include="burn\misc\post90s\d_kaneko16.cpp">
      <Filter>Source Files</Filter>
    </ClCompile>
    <ClCompile Include="burn\misc\pre90s\d_kangaroo.cpp">
      <Filter>Source Files</Filter>
    </ClCompile>
    <ClCompile Include="burn\misc\pre90s\d_karnov.cpp">
      <Filter>Source Files</Filter>
    </ClCompile>
    <ClCompile Include="burn\toaplan\d_kbash.cpp">
      <Filter>Source Files</Filter>
    </ClCompile>
    <ClCompile Include="burn\misc\pre90s\d_kyugo.cpp">
      <Filter>Source Files</Filter>
    </ClCompile>
    <ClCompile Include="burn\misc\pre90s\d_lkage.cpp">
      <Filter>Source Files</Filter>
    </ClCompile>
    <ClCompile Include="burn\misc\pre90s\d_lwings.cpp">
      <Filter>Source Files</Filter>
    </ClCompile>
    <ClCompile Include="burn\misc\post90s\d_m90.cpp">
      <Filter>Source Files</Filter>
    </ClCompile>
    <ClCompile Include="burn\misc\post90s\d_m92.cpp">
      <Filter>Source Files</Filter>
    </ClCompile>
    <ClCompile Include="burn\misc\pre90s\d_madgear.cpp">
      <Filter>Source Files</Filter>
    </ClCompile>
    <ClCompile Include="burn\toaplan\d_mahoudai.cpp">
      <Filter>Source Files</Filter>
    </ClCompile>
    <ClCompile Include="burn\konami\d_mainevt.cpp">
      <Filter>Source Files</Filter>
    </ClCompile>
    <ClCompile Include="burn\cave\d_mazinger.cpp">
      <Filter>Source Files</Filter>
    </ClCompile>
    <ClCompile Include="burn\misc\post90s\d_mcatadv.cpp">
      <Filter>Source Files</Filter>
    </ClCompile>
    <ClCompile Include="burn\megadrive\d_megadrive.cpp">
      <Filter>Source Files</Filter>
    </ClCompile>
    <ClCompile Include="burn\misc\pre90s\d_meijinsn.cpp">
      <Filter>Source Files</Filter>
    </ClCompile>
    <ClCompile Include="burn\cave\d_metmqstr.cpp">
      <Filter>Source Files</Filter>
    </ClCompile>
    <ClCompile Include="burn\misc\post90s\d_midas.cpp">
      <Filter>Source Files</Filter>
    </ClCompile>
    <ClCompile Include="burn\misc\pre90s\d_minivdr.cpp">
      <Filter>Source Files</Filter>
    </ClCompile>
    <ClCompile Include="burn\misc\pre90s\d_mitchell.cpp">
      <Filter>Source Files</Filter>
    </ClCompile>
    <ClCompile Include="burn\misc\pre90s\d_mole.cpp">
      <Filter>Source Files</Filter>
    </ClCompile>
    <ClCompile Include="burn\misc\pre90s\d_mrdo.cpp">
      <Filter>Source Files</Filter>
    </ClCompile>
    <ClCompile Include="burn\misc\pre90s\d_mrflea.cpp">
      <Filter>Source Files</Filter>
    </ClCompile>
    <ClCompile Include="burn\misc\post90s\d_mugsmash.cpp">
      <Filter>Source Files</Filter>
    </ClCompile>
    <ClCompile Include="burn\misc\pre90s\d_mystston.cpp">
      <Filter>Source Files</Filter>
    </ClCompile>
    <ClCompile Include="burn\neogeo\d_neogeo.cpp">
      <Filter>Source Files</Filter>
    </ClCompile>
    <ClCompile Include="burn\misc\post90s\d_news.cpp">
      <Filter>Source Files</Filter>
    </ClCompile>
    <ClCompile Include="burn\misc\post90s\d_nmg5.cpp">
      <Filter>Source Files</Filter>
    </ClCompile>
    <ClCompile Include="burn\misc\post90s\d_nmk16.cpp">
      <Filter>Source Files</Filter>
    </ClCompile>
    <ClCompile Include="burn\misc\post90s\d_ohmygod.cpp">
      <Filter>Source Files</Filter>
    </ClCompile>
    <ClCompile Include="burn\sega\d_outrun.cpp">
      <Filter>Source Files</Filter>
    </ClCompile>
    <ClCompile Include="burn\toaplan\d_outzone.cpp">
      <Filter>Source Files</Filter>
    </ClCompile>
    <ClCompile Include="burn\misc\pre90s\d_pacman.cpp">
      <Filter>Source Files</Filter>
    </ClCompile>
    <ClCompile Include="burn\misc\d_parent.cpp">
      <Filter>Source Files</Filter>
    </ClCompile>
    <ClCompile Include="burn\konami\d_parodius.cpp">
      <Filter>Source Files</Filter>
    </ClCompile>
    <ClCompile Include="burn\misc\post90s\d_pass.cpp">
      <Filter>Source Files</Filter>
    </ClCompile>
    <ClCompile Include="burn\pgm\d_pgm.cpp">
      <Filter>Source Files</Filter>
    </ClCompile>
    <ClCompile Include="burn\misc\post90s\d_pirates.cpp">
      <Filter>Source Files</Filter>
    </ClCompile>
    <ClCompile Include="burn\misc\pre90s\d_pkunwar.cpp">
      <Filter>Source Files</Filter>
    </ClCompile>
    <ClCompile Include="burn\misc\pre90s\d_pooyan.cpp">
      <Filter>Source Files</Filter>
    </ClCompile>
    <ClCompile Include="burn\misc\post90s\d_powerins.cpp">
      <Filter>Source Files</Filter>
    </ClCompile>
    <ClCompile Include="burn\misc\pre90s\d_prehisle.cpp">
      <Filter>Source Files</Filter>
    </ClCompile>
    <ClCompile Include="burn\psikyo\d_psikyo.cpp">
      <Filter>Source Files</Filter>
    </ClCompile>
    <ClCompile Include="burn\psikyo\d_psikyosh.cpp">
      <Filter>Source Files</Filter>
    </ClCompile>
    <ClCompile Include="burn\cave\d_pwrinst2.cpp">
      <Filter>Source Files</Filter>
    </ClCompile>
    <ClCompile Include="burn\misc\pre90s\d_quizo.cpp">
      <Filter>Source Files</Filter>
    </ClCompile>
    <ClCompile Include="burn\misc\post90s\d_raiden.cpp">
      <Filter>Source Files</Filter>
    </ClCompile>
    <ClCompile Include="burn\misc\pre90s\d_renegade.cpp">
      <Filter>Source Files</Filter>
    </ClCompile>
    <ClCompile Include="burn\misc\pre90s\d_retofinv.cpp">
      <Filter>Source Files</Filter>
    </ClCompile>
    <ClCompile Include="burn\misc\dec0\d_robocop.cpp">
      <Filter>Source Files</Filter>
    </ClCompile>
    <ClCompile Include="burn\konami\d_rollerg.cpp">
      <Filter>Source Files</Filter>
    </ClCompile>
    <ClCompile Include="burn\misc\pre90s\d_route16.cpp">
      <Filter>Source Files</Filter>
    </ClCompile>
    <ClCompile Include="burn\cave\d_sailormn.cpp">
      <Filter>Source Files</Filter>
    </ClCompile>
    <ClCompile Include="burn\misc\pre90s\d_scotrsht.cpp">
      <Filter>Source Files</Filter>
    </ClCompile>
    <ClCompile Include="burn\misc\pre90s\d_scregg.cpp">
      <Filter>Source Files</Filter>
    </ClCompile>
    <ClCompile Include="burn\misc\post90s\d_seta2.cpp">
      <Filter>Source Files</Filter>
    </ClCompile>
    <ClCompile Include="burn\misc\pre90s\d_sf.cpp">
      <Filter>Source Files</Filter>
    </ClCompile>
    <ClCompile Include="burn\misc\post90s\d_shadfrce.cpp">
      <Filter>Source Files</Filter>
    </ClCompile>
    <ClCompile Include="burn\toaplan\d_shippumd.cpp">
      <Filter>Source Files</Filter>
    </ClCompile>
    <ClCompile Include="burn\misc\post90s\d_silkroad.cpp">
      <Filter>Source Files</Filter>
    </ClCompile>
    <ClCompile Include="burn\konami\d_simpsons.cpp">
      <Filter>Source Files</Filter>
    </ClCompile>
    <ClCompile Include="burn\misc\pre90s\d_skyfox.cpp">
      <Filter>Source Files</Filter>
    </ClCompile>
    <ClCompile Include="burn\misc\pre90s\d_snk68.cpp">
      <Filter>Source Files</Filter>
    </ClCompile>
    <ClCompile Include="burn\toaplan\d_snowbro2.cpp">
      <Filter>Source Files</Filter>
    </ClCompile>
    <ClCompile Include="burn\misc\pre90s\d_solomon.cpp">
      <Filter>Source Files</Filter>
    </ClCompile>
    <ClCompile Include="burn\misc\pre90s\d_sonson.cpp">
      <Filter>Source Files</Filter>
    </ClCompile>
    <ClCompile Include="burn\konami\d_spy.cpp">
      <Filter>Source Files</Filter>
    </ClCompile>
    <ClCompile Include="burn\misc\pre90s\d_srumbler.cpp">
      <Filter>Source Files</Filter>
    </ClCompile>
    <ClCompile Include="burn\misc\post90s\d_suna16.cpp">
      <Filter>Source Files</Filter>
    </ClCompile>
    <ClCompile Include="burn\misc\post90s\d_suprnova.cpp">
      <Filter>Source Files</Filter>
    </ClCompile>
    <ClCompile Include="burn\konami\d_surpratk.cpp">
      <Filter>Source Files</Filter>
    </ClCompile>
    <ClCompile Include="burn\sega\d_sys1.cpp">
      <Filter>Source Files</Filter>
    </ClCompile>
    <ClCompile Include="burn\sega\d_sys16a.cpp">
      <Filter>Source Files</Filter>
    </ClCompile>
    <ClCompile Include="burn\sega\d_sys16b.cpp">
      <Filter>Source Files</Filter>
    </ClCompile>
    <ClCompile Include="burn\sega\d_sys18.cpp">
      <Filter>Source Files</Filter>
    </ClCompile>
    <ClCompile Include="burn\taito\d_taitof2.cpp">
      <Filter>Source Files</Filter>
    </ClCompile>
    <ClCompile Include="burn\taito\d_taitomisc.cpp">
      <Filter>Source Files</Filter>
    </ClCompile>
    <ClCompile Include="burn\taito\d_taitox.cpp">
      <Filter>Source Files</Filter>
    </ClCompile>
    <ClCompile Include="burn\taito\d_taitoz.cpp">
      <Filter>Source Files</Filter>
    </ClCompile>
    <ClCompile Include="burn\misc\post90s\d_taotaido.cpp">
      <Filter>Source Files</Filter>
    </ClCompile>
    <ClCompile Include="burn\misc\pre90s\d_tecmo.cpp">
      <Filter>Source Files</Filter>
    </ClCompile>
    <ClCompile Include="burn\toaplan\d_tekipaki.cpp">
      <Filter>Source Files</Filter>
    </ClCompile>
    <ClCompile Include="burn\konami\d_thunderx.cpp">
      <Filter>Source Files</Filter>
    </ClCompile>
    <ClCompile Include="burn\misc\pre90s\d_tigerheli.cpp">
      <Filter>Source Files</Filter>
    </ClCompile>
    <ClCompile Include="burn\misc\pre90s\d_tigeroad.cpp">
      <Filter>Source Files</Filter>
    </ClCompile>
    <ClCompile Include="burn\konami\d_tmnt.cpp">
      <Filter>Source Files</Filter>
    </ClCompile>
    <ClCompile Include="burn\misc\pre90s\d_tnzs.cpp">
      <Filter>Source Files</Filter>
    </ClCompile>
    <ClCompile Include="burn\misc\pre90s\d_toki.cpp">
      <Filter>Source Files</Filter>
    </ClCompile>
    <ClCompile Include="burn\toaplan\d_truxton.cpp">
      <Filter>Source Files</Filter>
    </ClCompile>
    <ClCompile Include="burn\toaplan\d_truxton2.cpp">
      <Filter>Source Files</Filter>
    </ClCompile>
    <ClCompile Include="burn\misc\post90s\d_tumbleb.cpp">
      <Filter>Source Files</Filter>
    </ClCompile>
    <ClCompile Include="burn\konami\d_twin16.cpp">
      <Filter>Source Files</Filter>
    </ClCompile>
    <ClCompile Include="burn\konami\d_ultraman.cpp">
      <Filter>Source Files</Filter>
    </ClCompile>
    <ClCompile Include="burn\misc\post90s\d_unico.cpp">
      <Filter>Source Files</Filter>
    </ClCompile>
    <ClCompile Include="burn\cave\d_uopoko.cpp">
      <Filter>Source Files</Filter>
    </ClCompile>
    <ClCompile Include="burn\konami\d_vendetta.cpp">
      <Filter>Source Files</Filter>
    </ClCompile>
    <ClCompile Include="burn\toaplan\d_vfive.cpp">
      <Filter>Source Files</Filter>
    </ClCompile>
    <ClCompile Include="burn\misc\pre90s\d_vigilant.cpp">
      <Filter>Source Files</Filter>
    </ClCompile>
    <ClCompile Include="burn\misc\pre90s\d_vulgus.cpp">
      <Filter>Source Files</Filter>
    </ClCompile>
    <ClCompile Include="burn\misc\pre90s\d_wallc.cpp">
      <Filter>Source Files</Filter>
    </ClCompile>
    <ClCompile Include="burn\misc\pre90s\d_wc90.cpp">
      <Filter>Source Files</Filter>
    </ClCompile>
    <ClCompile Include="burn\misc\pre90s\d_wwfsstar.cpp">
      <Filter>Source Files</Filter>
    </ClCompile>
    <ClCompile Include="burn\misc\post90s\d_wwfwfest.cpp">
      <Filter>Source Files</Filter>
    </ClCompile>
    <ClCompile Include="burn\sega\d_xbrd.cpp">
      <Filter>Source Files</Filter>
    </ClCompile>
    <ClCompile Include="burn\konami\d_xmen.cpp">
      <Filter>Source Files</Filter>
    </ClCompile>
    <ClCompile Include="burn\sega\d_ybrd.cpp">
      <Filter>Source Files</Filter>
    </ClCompile>
    <ClCompile Include="burn\misc\post90s\d_yunsun16.cpp">
      <Filter>Source Files</Filter>
    </ClCompile>
    <ClCompile Include="burn\toaplan\d_zerowing.cpp">
      <Filter>Source Files</Filter>
    </ClCompile>
    <ClCompile Include="burn\misc\post90s\d_zerozone.cpp">
      <Filter>Source Files</Filter>
    </ClCompile>
    <ClCompile Include="burn\dac.cpp">
      <Filter>Source Files</Filter>
    </ClCompile>
    <ClCompile Include="burner\dat.cpp">
      <Filter>Source Files</Filter>
    </ClCompile>
    <ClCompile Include="burner\win32\debugger.cpp">
      <Filter>Source Files</Filter>
    </ClCompile>
    <ClCompile Include="burn\misc\dec0\dec_aud.cpp">
      <Filter>Source Files</Filter>
    </ClCompile>
    <ClCompile Include="burn\misc\dec0\dec_misc.cpp">
      <Filter>Source Files</Filter>
    </ClCompile>
    <ClCompile Include="burn\misc\dec0\dec_vid.cpp">
      <Filter>Source Files</Filter>
    </ClCompile>
    <ClCompile Include="libs\zlib\deflate.c">
      <Filter>Source Files</Filter>
    </ClCompile>
    <ClCompile Include="burner\win32\drv.cpp">
      <Filter>Source Files</Filter>
    </ClCompile>
    <ClCompile Include="burner\win32\dynhuff.cpp">
      <Filter>Source Files</Filter>
    </ClCompile>
    <ClCompile Include="burn\eeprom.cpp">
      <Filter>Source Files</Filter>
    </ClCompile>
    <ClCompile Include="interface\epx.cpp">
      <Filter>Source Files</Filter>
    </ClCompile>
    <ClCompile Include="burner\win32\favorites.cpp">
      <Filter>Source Files</Filter>
    </ClCompile>
    <ClCompile Include="burner\win32\fba_kaillera.cpp">
      <Filter>Source Files</Filter>
    </ClCompile>
    <ClCompile Include="burn\sega\fd1089.cpp">
      <Filter>Source Files</Filter>
    </ClCompile>
    <ClCompile Include="burn\sega\fd1094.cpp">
      <Filter>Source Files</Filter>
    </ClCompile>
    <ClCompile Include="burner\win32\filedl.cpp">
      <Filter>Source Files</Filter>
    </ClCompile>
    <ClCompile Include="burn\fm.c">
      <Filter>Source Files</Filter>
    </ClCompile>
    <ClCompile Include="burn\fmopl.c">
      <Filter>Source Files</Filter>
    </ClCompile>
    <ClCompile Include="burn\galaxian\gal_gfx.cpp">
      <Filter>Source Files</Filter>
    </ClCompile>
    <ClCompile Include="burn\galaxian\gal_run.cpp">
      <Filter>Source Files</Filter>
    </ClCompile>
    <ClCompile Include="burn\galaxian\gal_sound.cpp">
      <Filter>Source Files</Filter>
    </ClCompile>
    <ClCompile Include="burn\galaxian\gal_stars.cpp">
      <Filter>Source Files</Filter>
    </ClCompile>
    <ClCompile Include="burner\gamc.cpp">
      <Filter>Source Files</Filter>
    </ClCompile>
    <ClCompile Include="burner\win32\gameinfo.cpp">
      <Filter>Source Files</Filter>
    </ClCompile>
    <ClCompile Include="burner\gami.cpp">
      <Filter>Source Files</Filter>
    </ClCompile>
    <ClCompile Include="burn\sega\genesis_vid.cpp">
      <Filter>Source Files</Filter>
    </ClCompile>
    <ClCompile Include="libs\zlib\gzio.c">
      <Filter>Source Files</Filter>
    </ClCompile>
    <ClCompile Include="cpu\hd6309\hd6309.cpp">
      <Filter>Source Files</Filter>
    </ClCompile>
    <ClCompile Include="burn\hd6309_intf.cpp">
      <Filter>Source Files</Filter>
    </ClCompile>
    <ClCompile Include="burn\hiscore.cpp">
      <Filter>Source Files</Filter>
    </ClCompile>
    <ClCompile Include="interface\hq2xs.cpp">
      <Filter>Source Files</Filter>
    </ClCompile>
    <ClCompile Include="interface\hq2xs_16.cpp">
      <Filter>Source Files</Filter>
    </ClCompile>
    <ClCompile Include="interface\hq3xs.cpp">
      <Filter>Source Files</Filter>
    </ClCompile>
    <ClCompile Include="interface\hq_shared32.cpp">
      <Filter>Source Files</Filter>
    </ClCompile>
    <ClCompile Include="cpu\i8039\i8039.cpp">
      <Filter>Source Files</Filter>
    </ClCompile>
    <ClCompile Include="burn\ics2115.cpp">
      <Filter>Source Files</Filter>
    </ClCompile>
    <ClCompile Include="burner\win32\imagebutton.cpp">
      <Filter>Source Files</Filter>
    </ClCompile>
    <ClCompile Include="libs\zlib\infback.c">
      <Filter>Source Files</Filter>
    </ClCompile>
    <ClCompile Include="libs\zlib\inffast.c">
      <Filter>Source Files</Filter>
    </ClCompile>
    <ClCompile Include="libs\zlib\inflate.c">
      <Filter>Source Files</Filter>
    </ClCompile>
    <ClCompile Include="libs\zlib\inftrees.c">
      <Filter>Source Files</Filter>
    </ClCompile>
    <ClCompile Include="interface\win32\inp_dinput.cpp">
      <Filter>Source Files</Filter>
    </ClCompile>
    <ClCompile Include="interface\inp_interface.cpp">
      <Filter>Source Files</Filter>
    </ClCompile>
    <ClCompile Include="burner\win32\inpc.cpp">
      <Filter>Source Files</Filter>
    </ClCompile>
    <ClCompile Include="burner\win32\inpcheat.cpp">
      <Filter>Source Files</Filter>
    </ClCompile>
    <ClCompile Include="burner\win32\inpd.cpp">
      <Filter>Source Files</Filter>
    </ClCompile>
    <ClCompile Include="burner\win32\inpdipsw.cpp">
      <Filter>Source Files</Filter>
    </ClCompile>
    <ClCompile Include="burner\win32\inps.cpp">
      <Filter>Source Files</Filter>
    </ClCompile>
    <ClCompile Include="interface\interface.cpp">
      <Filter>Source Files</Filter>
    </ClCompile>
    <ClCompile Include="burner\win32\ips_manager.cpp">
      <Filter>Source Files</Filter>
    </ClCompile>
    <ClCompile Include="burn\misc\post90s\irem_cpu.cpp">
      <Filter>Source Files</Filter>
    </ClCompile>
    <ClCompile Include="burner\win32\jukebox.cpp">
      <Filter>Source Files</Filter>
    </ClCompile>
    <ClCompile Include="burn\k007232.cpp">
      <Filter>Source Files</Filter>
    </ClCompile>
    <ClCompile Include="burn\konami\k051316.cpp">
      <Filter>Source Files</Filter>
    </ClCompile>
    <ClCompile Include="burn\k051649.cpp">
      <Filter>Source Files</Filter>
    </ClCompile>
    <ClCompile Include="burn\konami\k051733.cpp">
      <Filter>Source Files</Filter>
    </ClCompile>
    <ClCompile Include="burn\konami\k051960.cpp">
      <Filter>Source Files</Filter>
    </ClCompile>
    <ClCompile Include="burn\konami\k052109.cpp">
      <Filter>Source Files</Filter>
    </ClCompile>
    <ClCompile Include="burn\konami\K053245.cpp">
      <Filter>Source Files</Filter>
    </ClCompile>
    <ClCompile Include="burn\konami\k053247.cpp">
      <Filter>Source Files</Filter>
    </ClCompile>
    <ClCompile Include="burn\konami\K053251.cpp">
      <Filter>Source Files</Filter>
    </ClCompile>
    <ClCompile Include="burn\k053260.cpp">
      <Filter>Source Files</Filter>
    </ClCompile>
    <ClCompile Include="burn\konami\k053936.cpp">
      <Filter>Source Files</Filter>
    </ClCompile>
    <ClCompile Include="burn\konami\k054000.cpp">
      <Filter>Source Files</Filter>
    </ClCompile>
    <ClCompile Include="burn\k054539.cpp">
      <Filter>Source Files</Filter>
    </ClCompile>
    <ClCompile Include="burn\capcom\kabuki.cpp">
      <Filter>Source Files</Filter>
    </ClCompile>
    <ClCompile Include="cpu\konami\konami.cpp">
      <Filter>Source Files</Filter>
    </ClCompile>
    <ClCompile Include="cpu\konami\konami_intf.cpp">
      <Filter>Source Files</Filter>
    </ClCompile>
    <ClCompile Include="burn\konami\konamiic.cpp">
      <Filter>Source Files</Filter>
    </ClCompile>
    <ClCompile Include="burn\load.cpp">
      <Filter>Source Files</Filter>
    </ClCompile>
    <ClCompile Include="burner\win32\localise.cpp">
      <Filter>Source Files</Filter>
    </ClCompile>
    <ClCompile Include="burner\win32\localise_gamelist.cpp">
      <Filter>Source Files</Filter>
    </ClCompile>
    <ClCompile Include="interface\lowpass2.cpp">
      <Filter>Source Files</Filter>
    </ClCompile>
    <ClCompile Include="burner\win32\luaconsole.cpp">
      <Filter>Source Files</Filter>
    </ClCompile>
    <ClCompile Include="burner\luaengine.cpp">
      <Filter>Source Files</Filter>
    </ClCompile>
    <ClCompile Include="burner\luasav.cpp">
      <Filter>Source Files</Filter>
    </ClCompile>
    <ClCompile Include="cpu\m6502\m6502.cpp">
      <Filter>Source Files</Filter>
    </ClCompile>
    <ClCompile Include="burn\m6502_intf.cpp">
      <Filter>Source Files</Filter>
    </ClCompile>
    <ClCompile Include="cpu\m6800\m6800.cpp">
      <Filter>Source Files</Filter>
    </ClCompile>
    <ClCompile Include="burn\m6800_intf.cpp">
      <Filter>Source Files</Filter>
    </ClCompile>
    <ClCompile Include="cpu\m6809\m6809.cpp">
      <Filter>Source Files</Filter>
    </ClCompile>
    <ClCompile Include="burn\m6809_intf.cpp">
      <Filter>Source Files</Filter>
    </ClCompile>
    <ClCompile Include="cpu\m68k\m68kcpu.c">
      <Filter>Source Files</Filter>
    </ClCompile>
    <ClCompile Include="cpu\m68k\m68kdasm.c">
      <Filter>Source Files</Filter>
    </ClCompile>
    <ClCompile Include="generated\m68kopac.c">
      <Filter>Source Files</Filter>
    </ClCompile>
    <ClCompile Include="generated\m68kopdm.c">
      <Filter>Source Files</Filter>
    </ClCompile>
    <ClCompile Include="generated\m68kopnz.c">
      <Filter>Source Files</Filter>
    </ClCompile>
    <ClCompile Include="generated\m68kops.c">
      <Filter>Source Files</Filter>
    </ClCompile>
    <ClCompile Include="burner\win32\main.cpp">
      <Filter>Source Files</Filter>
    </ClCompile>
    <ClCompile Include="burner\win32\maphkeys.cpp">
      <Filter>Source Files</Filter>
    </ClCompile>
    <ClCompile Include="burn\sega\mc8123.cpp">
      <Filter>Source Files</Filter>
    </ClCompile>
    <ClCompile Include="burner\win32\media.cpp">
      <Filter>Source Files</Filter>
    </ClCompile>
    <ClCompile Include="burn\megadrive\megadrive.cpp">
      <Filter>Source Files</Filter>
    </ClCompile>
    <ClCompile Include="burner\win32\memcard.cpp">
      <Filter>Source Files</Filter>
    </ClCompile>
    <ClCompile Include="burner\win32\memwatch.cpp">
      <Filter>Source Files</Filter>
    </ClCompile>
    <ClCompile Include="burner\win32\menu.cpp">
      <Filter>Source Files</Filter>
    </ClCompile>
    <ClCompile Include="burner\win32\menugui.cpp">
      <Filter>Source Files</Filter>
    </ClCompile>
    <ClCompile Include="burner\misc.cpp">
      <Filter>Source Files</Filter>
    </ClCompile>
    <ClCompile Include="burner\win32\misc_win32.cpp">
      <Filter>Source Files</Filter>
    </ClCompile>
    <ClCompile Include="burn\msm5205.cpp">
      <Filter>Source Files</Filter>
    </ClCompile>
    <ClCompile Include="burn\msm6295.cpp">
      <Filter>Source Files</Filter>
    </ClCompile>
    <ClCompile Include="burn\namco_snd.cpp">
      <Filter>Source Files</Filter>
    </ClCompile>
    <ClCompile Include="cpu\nec\nec.cpp">
      <Filter>Source Files</Filter>
    </ClCompile>
    <ClCompile Include="burn\neogeo\neo_decrypt.cpp">
      <Filter>Source Files</Filter>
    </ClCompile>
    <ClCompile Include="burn\neogeo\neo_palette.cpp">
      <Filter>Source Files</Filter>
    </ClCompile>
    <ClCompile Include="burn\neogeo\neo_run.cpp">
      <Filter>Source Files</Filter>
    </ClCompile>
    <ClCompile Include="burn\neogeo\neo_sprite.cpp">
      <Filter>Source Files</Filter>
    </ClCompile>
    <ClCompile Include="burn\neogeo\neo_text.cpp">
      <Filter>Source Files</Filter>
    </ClCompile>
    <ClCompile Include="burn\neogeo\neo_upd4990a.cpp">
      <Filter>Source Files</Filter>
    </ClCompile>
    <ClCompile Include="burn\neogeo\neogeo.cpp">
      <Filter>Source Files</Filter>
    </ClCompile>
    <ClCompile Include="kaillera\client\net.cpp">
      <Filter>Source Files</Filter>
    </ClCompile>
    <ClCompile Include="burner\win32\ngslotd.cpp">
      <Filter>Source Files</Filter>
    </ClCompile>
    <ClCompile Include="burn\misc\post90s\nmk004.cpp">
      <Filter>Source Files</Filter>
    </ClCompile>
    <ClCompile Include="burner\win32\numdial.cpp">
      <Filter>Source Files</Filter>
    </ClCompile>
    <ClCompile Include="burner\win32\paletteviewer.cpp">
      <Filter>Source Files</Filter>
    </ClCompile>
    <ClCompile Include="burn\taito\pc080sn.cpp">
      <Filter>Source Files</Filter>
    </ClCompile>
    <ClCompile Include="burn\taito\pc090oj.cpp">
      <Filter>Source Files</Filter>
    </ClCompile>
    <ClCompile Include="burn\pgm\pgm_crypt.cpp">
      <Filter>Source Files</Filter>
    </ClCompile>
    <ClCompile Include="burn\pgm\pgm_draw.cpp">
      <Filter>Source Files</Filter>
    </ClCompile>
    <ClCompile Include="burn\pgm\pgm_prot.cpp">
      <Filter>Source Files</Filter>
    </ClCompile>
    <ClCompile Include="burn\pgm\pgm_run.cpp">
      <Filter>Source Files</Filter>
    </ClCompile>
    <ClCompile Include="burner\win32\placeholderd.cpp">
      <Filter>Source Files</Filter>
    </ClCompile>
    <ClCompile Include="libs\libpng\png.c">
      <Filter>Source Files</Filter>
    </ClCompile>
    <ClCompile Include="libs\libpng\pngerror.c">
      <Filter>Source Files</Filter>
    </ClCompile>
    <ClCompile Include="libs\libpng\pnggccrd.c">
      <Filter>Source Files</Filter>
    </ClCompile>
    <ClCompile Include="libs\libpng\pngget.c">
      <Filter>Source Files</Filter>
    </ClCompile>
    <ClCompile Include="burner\win32\pngload.cpp">
      <Filter>Source Files</Filter>
    </ClCompile>
    <ClCompile Include="libs\libpng\pngmem.c">
      <Filter>Source Files</Filter>
    </ClCompile>
    <ClCompile Include="libs\libpng\pngpread.c">
      <Filter>Source Files</Filter>
    </ClCompile>
    <ClCompile Include="libs\libpng\pngread.c">
      <Filter>Source Files</Filter>
    </ClCompile>
    <ClCompile Include="libs\libpng\pngrio.c">
      <Filter>Source Files</Filter>
    </ClCompile>
    <ClCompile Include="libs\libpng\pngrtran.c">
      <Filter>Source Files</Filter>
    </ClCompile>
    <ClCompile Include="libs\libpng\pngrutil.c">
      <Filter>Source Files</Filter>
    </ClCompile>
    <ClCompile Include="libs\libpng\pngset.c">
      <Filter>Source Files</Filter>
    </ClCompile>
    <ClCompile Include="libs\libpng\pngtrans.c">
      <Filter>Source Files</Filter>
    </ClCompile>
    <ClCompile Include="libs\libpng\pngvcrd.c">
      <Filter>Source Files</Filter>
    </ClCompile>
    <ClCompile Include="libs\libpng\pngwio.c">
      <Filter>Source Files</Filter>
    </ClCompile>
    <ClCompile Include="libs\libpng\pngwrite.c">
      <Filter>Source Files</Filter>
    </ClCompile>
    <ClCompile Include="libs\libpng\pngwtran.c">
      <Filter>Source Files</Filter>
    </ClCompile>
    <ClCompile Include="libs\libpng\pngwutil.c">
      <Filter>Source Files</Filter>
    </ClCompile>
    <ClCompile Include="burner\win32\popup_win32.cpp">
      <Filter>Source Files</Filter>
    </ClCompile>
    <ClCompile Include="interface\prf_interface.cpp">
      <Filter>Source Files</Filter>
    </ClCompile>
    <ClCompile Include="interface\win32\prf_performance_counter.cpp">
      <Filter>Source Files</Filter>
    </ClCompile>
    <ClCompile Include="burner\win32\progress.cpp">
      <Filter>Source Files</Filter>
    </ClCompile>
    <ClCompile Include="burn\capcom\ps.cpp">
      <Filter>Source Files</Filter>
    </ClCompile>
    <ClCompile Include="burn\capcom\ps_m.cpp">
      <Filter>Source Files</Filter>
    </ClCompile>
    <ClCompile Include="burn\capcom\ps_z.cpp">
      <Filter>Source Files</Filter>
    </ClCompile>
    <ClCompile Include="burn\psikyo\psikyo_palette.cpp">
      <Filter>Source Files</Filter>
    </ClCompile>
    <ClCompile Include="burn\psikyo\psikyo_sprite.cpp">
      <Filter>Source Files</Filter>
    </ClCompile>
    <ClCompile Include="burn\psikyo\psikyo_tile.cpp">
      <Filter>Source Files</Filter>
    </ClCompile>
    <ClCompile Include="burn\psikyo\psikyosh_render.cpp">
      <Filter>Source Files</Filter>
    </ClCompile>
    <ClCompile Include="burn\capcom\qs.cpp">
      <Filter>Source Files</Filter>
    </ClCompile>
    <ClCompile Include="burn\capcom\qs_c.cpp">
      <Filter>Source Files</Filter>
    </ClCompile>
    <ClCompile Include="burn\capcom\qs_z.cpp">
      <Filter>Source Files</Filter>
    </ClCompile>
    <ClCompile Include="burner\win32\ram_search.cpp">
      <Filter>Source Files</Filter>
    </ClCompile>
    <ClCompile Include="burner\win32\ramwatch.cpp">
      <Filter>Source Files</Filter>
    </ClCompile>
    <ClCompile Include="burner\win32\replay.cpp">
      <Filter>Source Files</Filter>
    </ClCompile>
    <ClCompile Include="burner\win32\res.cpp">
      <Filter>Source Files</Filter>
    </ClCompile>
    <ClCompile Include="burn\rf5c68.cpp">
      <Filter>Source Files</Filter>
    </ClCompile>
    <ClCompile Include="burn\neogeo\rom_save.cpp">
      <Filter>Source Files</Filter>
    </ClCompile>
    <ClCompile Include="burner\win32\roms.cpp">
      <Filter>Source Files</Filter>
    </ClCompile>
    <ClCompile Include="burner\win32\run.cpp">
      <Filter>Source Files</Filter>
    </ClCompile>
    <ClCompile Include="cpu\s2650\s2650.cpp">
      <Filter>Source Files</Filter>
    </ClCompile>
    <ClCompile Include="cpu\s2650\s2650_intf.cpp">
      <Filter>Source Files</Filter>
    </ClCompile>
    <ClCompile Include="burner\win32\scrn.cpp">
      <Filter>Source Files</Filter>
    </ClCompile>
    <ClCompile Include="burn\segapcm.cpp">
      <Filter>Source Files</Filter>
    </ClCompile>
    <ClCompile Include="burn\seibusnd.cpp">
      <Filter>Source Files</Filter>
    </ClCompile>
    <ClCompile Include="burn\sek.cpp">
      <Filter>Source Files</Filter>
    </ClCompile>
    <ClCompile Include="burner\win32\sel.cpp">
      <Filter>Source Files</Filter>
    </ClCompile>
    <ClCompile Include="burner\win32\sfactd.cpp">
      <Filter>Source Files</Filter>
    </ClCompile>
    <ClCompile Include="cpu\sh2\sh2.cpp">
      <Filter>Source Files</Filter>
    </ClCompile>
    <ClCompile Include="burn\sn76496.cpp">
      <Filter>Source Files</Filter>
    </ClCompile>
    <ClCompile Include="burner\win32\splash.cpp">
      <Filter>Source Files</Filter>
    </ClCompile>
    <ClCompile Include="burner\sshot.cpp">
      <Filter>Source Files</Filter>
    </ClCompile>
    <ClCompile Include="burner\state.cpp">
      <Filter>Source Files</Filter>
    </ClCompile>
    <ClCompile Include="burner\statec.cpp">
      <Filter>Source Files</Filter>
    </ClCompile>
    <ClCompile Include="burner\win32\stated.cpp">
      <Filter>Source Files</Filter>
    </ClCompile>
    <ClCompile Include="burner\win32\support_paths.cpp">
      <Filter>Source Files</Filter>
    </ClCompile>
    <ClCompile Include="burn\sega\sys16_fd1094.cpp">
      <Filter>Source Files</Filter>
    </ClCompile>
    <ClCompile Include="burn\sega\sys16_gfx.cpp">
      <Filter>Source Files</Filter>
    </ClCompile>
    <ClCompile Include="burn\sega\sys16_run.cpp">
      <Filter>Source Files</Filter>
    </ClCompile>
    <ClCompile Include="burner\win32\systeminfo.cpp">
      <Filter>Source Files</Filter>
    </ClCompile>
    <ClCompile Include="burn\taito\taito.cpp">
      <Filter>Source Files</Filter>
    </ClCompile>
    <ClCompile Include="burn\taito\taito_ic.cpp">
      <Filter>Source Files</Filter>
    </ClCompile>
    <ClCompile Include="burn\taito\tc0100scn.cpp">
      <Filter>Source Files</Filter>
    </ClCompile>
    <ClCompile Include="burn\taito\tc0110pcr.cpp">
      <Filter>Source Files</Filter>
    </ClCompile>
    <ClCompile Include="burn\taito\tc0140syt.cpp">
      <Filter>Source Files</Filter>
    </ClCompile>
    <ClCompile Include="burn\taito\tc0150rod.cpp">
      <Filter>Source Files</Filter>
    </ClCompile>
    <ClCompile Include="burn\taito\tc0220ioc.cpp">
      <Filter>Source Files</Filter>
    </ClCompile>
    <ClCompile Include="burn\taito\tc0280grd.cpp">
      <Filter>Source Files</Filter>
    </ClCompile>
    <ClCompile Include="burn\taito\tc0360pri.cpp">
      <Filter>Source Files</Filter>
    </ClCompile>
    <ClCompile Include="burn\taito\tc0480scp.cpp">
      <Filter>Source Files</Filter>
    </ClCompile>
    <ClCompile Include="burn\taito\tc0510nio.cpp">
      <Filter>Source Files</Filter>
    </ClCompile>
    <ClCompile Include="burn\misc\tiles_generic.cpp">
      <Filter>Source Files</Filter>
    </ClCompile>
    <ClCompile Include="burn\timer.cpp">
      <Filter>Source Files</Filter>
    </ClCompile>
    <ClCompile Include="burn\misc\pre90s\tnzs_prot.cpp">
      <Filter>Source Files</Filter>
    </ClCompile>
    <ClCompile Include="burn\toaplan\toa_bcu2.cpp">
      <Filter>Source Files</Filter>
    </ClCompile>
    <ClCompile Include="burn\toaplan\toa_extratext.cpp">
      <Filter>Source Files</Filter>
    </ClCompile>
    <ClCompile Include="burn\toaplan\toa_gp9001.cpp">
      <Filter>Source Files</Filter>
    </ClCompile>
    <ClCompile Include="burn\toaplan\toa_palette.cpp">
      <Filter>Source Files</Filter>
    </ClCompile>
    <ClCompile Include="burn\toaplan\toaplan.cpp">
      <Filter>Source Files</Filter>
    </ClCompile>
    <ClCompile Include="burn\toaplan\toaplan1.cpp">
      <Filter>Source Files</Filter>
    </ClCompile>
    <ClCompile Include="burner\win32\tracklst.cpp">
      <Filter>Source Files</Filter>
    </ClCompile>
    <ClCompile Include="libs\zlib\trees.c">
      <Filter>Source Files</Filter>
    </ClCompile>
    <ClCompile Include="libs\zlib\uncompr.c">
      <Filter>Source Files</Filter>
    </ClCompile>
    <ClCompile Include="libs\zlib\unzip.c">
      <Filter>Source Files</Filter>
    </ClCompile>
    <ClCompile Include="burn\upd7759.cpp">
      <Filter>Source Files</Filter>
    </ClCompile>
    <ClCompile Include="burn\vez.cpp">
      <Filter>Source Files</Filter>
    </ClCompile>
    <ClCompile Include="interface\win32\vid_d3d.cpp">
      <Filter>Source Files</Filter>
    </ClCompile>
    <ClCompile Include="interface\win32\vid_ddraw.cpp">
      <Filter>Source Files</Filter>
    </ClCompile>
    <ClCompile Include="interface\win32\vid_ddrawfx.cpp">
      <Filter>Source Files</Filter>
    </ClCompile>
    <ClCompile Include="interface\win32\vid_directx9.cpp">
      <Filter>Source Files</Filter>
    </ClCompile>
    <ClCompile Include="interface\win32\vid_directx_support.cpp">
      <Filter>Source Files</Filter>
    </ClCompile>
    <ClCompile Include="interface\vid_interface.cpp">
      <Filter>Source Files</Filter>
    </ClCompile>
    <ClCompile Include="interface\vid_softfx.cpp">
      <Filter>Source Files</Filter>
    </ClCompile>
    <ClCompile Include="interface\vid_support.cpp">
      <Filter>Source Files</Filter>
    </ClCompile>
    <ClCompile Include="burner\win32\wave.cpp">
      <Filter>Source Files</Filter>
    </ClCompile>
    <ClCompile Include="burn\x1010.cpp">
      <Filter>Source Files</Filter>
    </ClCompile>
    <ClCompile Include="utils\xstring.cpp">
      <Filter>Source Files</Filter>
    </ClCompile>
    <ClCompile Include="burn\ym2151.c">
      <Filter>Source Files</Filter>
    </ClCompile>
    <ClCompile Include="burn\ym2413.c">
      <Filter>Source Files</Filter>
    </ClCompile>
    <ClCompile Include="burn\ymdeltat.c">
      <Filter>Source Files</Filter>
    </ClCompile>
    <ClCompile Include="burn\ymf278b.c">
      <Filter>Source Files</Filter>
    </ClCompile>
    <ClCompile Include="burn\ymz280b.cpp">
      <Filter>Source Files</Filter>
    </ClCompile>
    <ClCompile Include="cpu\z80\z80.cpp">
      <Filter>Source Files</Filter>
    </ClCompile>
    <ClCompile Include="cpu\z80\z80daisy.cpp">
      <Filter>Source Files</Filter>
    </ClCompile>
    <ClCompile Include="burn\zet.cpp">
      <Filter>Source Files</Filter>
    </ClCompile>
    <ClCompile Include="burner\zipfn.cpp">
      <Filter>Source Files</Filter>
    </ClCompile>
    <ClCompile Include="libs\zlib\zutil.c">
      <Filter>Source Files</Filter>
    </ClCompile>
  </ItemGroup>
  <ItemGroup>
    <CustomBuild Include="interface\2xsaimmx.asm">
      <Filter>Source Files</Filter>
    </CustomBuild>
    <CustomBuild Include="burn\burn_sound_a.asm">
      <Filter>Source Files</Filter>
    </CustomBuild>
    <CustomBuild Include="interface\eagle_fm.asm">
      <Filter>Source Files</Filter>
    </CustomBuild>
    <CustomBuild Include="interface\hq2x32.asm">
      <Filter>Source Files</Filter>
    </CustomBuild>
    <CustomBuild Include="interface\hq3x32.asm">
      <Filter>Source Files</Filter>
    </CustomBuild>
    <CustomBuild Include="interface\hq4x32.asm">
      <Filter>Source Files</Filter>
    </CustomBuild>
    <CustomBuild Include="interface\superscale.asm">
      <Filter>Source Files</Filter>
    </CustomBuild>
    <CustomBuild Include="vc\a68k.asm">
      <Filter>Source Files\asm</Filter>
    </CustomBuild>
    <CustomBuild Include="vc\a68k_tab.asm">
      <Filter>Source Files\asm</Filter>
    </CustomBuild>
  </ItemGroup>
</Project>